
Microsoft Visual Studio Solution File, Format Version 12.00
# Visual Studio 15
VisualStudioVersion = 15.0.27428.2037
MinimumVisualStudioVersion = 10.0.40219.1
Project("{FAE04EC0-301F-11D3-BF4B-00C04F79EFBC}") = "ZeRoYouTubeToMP3", "ZeRoYouTubeToMP3\ZeRoYouTubeToMP3.csproj", "{62382ED9-7CA7-460E-B608-353DBB00DE16}"
EndProject
Global
	GlobalSection(SolutionConfigurationPlatforms) = preSolution
		Debug|Any CPU = Debug|Any CPU
		Release|Any CPU = Release|Any CPU
	EndGlobalSection
	GlobalSection(ProjectConfigurationPlatforms) = postSolution
		{62382ED9-7CA7-460E-B608-353DBB00DE16}.Debug|Any CPU.ActiveCfg = Debug|Any CPU
		{62382ED9-7CA7-460E-B608-353DBB00DE16}.Debug|Any CPU.Build.0 = Debug|Any CPU
		{62382ED9-7CA7-460E-B608-353DBB00DE16}.Release|Any CPU.ActiveCfg = Release|Any CPU
		{62382ED9-7CA7-460E-B608-353DBB00DE16}.Release|Any CPU.Build.0 = Release|Any CPU
	EndGlobalSection
	GlobalSection(SolutionProperties) = preSolution
		HideSolutionNode = FALSE
	EndGlobalSection
	GlobalSection(ExtensibilityGlobals) = postSolution
		SolutionGuid = {0311AA5D-F0E0-4670-8374-13605C1EDFC2}
	EndGlobalSection
EndGlobal
